<?xml version="1.0" encoding="utf-8"?>
<Project ToolsVersion="4.0" xmlns="http://schemas.microsoft.com/developer/msbuild/2003">
  <ItemGroup>
    <Filter Include="Source Files">
      <UniqueIdentifier>{4FC737F1-C7A5-4376-A066-2A32D752A2FF}</UniqueIdentifier>
      <Extensions>cpp;c;cc;cxx;def;odl;idl;hpj;bat;asm;asmx</Extensions>
    </Filter>
    <Filter Include="Header Files">
      <UniqueIdentifier>{93995380-89BD-4b04-88EB-625FBE52EBFB}</UniqueIdentifier>
      <Extensions>h;hh;hpp;hxx;hm;inl;inc;ipp;xsd</Extensions>
    </Filter>
    <Filter Include="Resource Files">
      <UniqueIdentifier>{67DA6AB6-F800-4c08-8B7A-83BB121AAD01}</UniqueIdentifier>
      <Extensions>rc;ico;cur;bmp;dlg;rc2;rct;bin;rgs;gif;jpg;jpeg;jpe;resx;tiff;tif;png;wav;mfcribbon-ms</Extensions>
    </Filter>
  </ItemGroup>
  <ItemGroup>
    <ClCompile Include="class2409.c">
      <Filter>Source Files</Filter>
    </ClCompile>
    <ClCompile Include="solanxuathienmoiday.c">
      <Filter>Source Files</Filter>
    </ClCompile>
    <ClCompile Include="class0710.c">
      <Filter>Source Files</Filter>
    </ClCompile>
    <ClCompile Include="class1510.c">
      <Filter>Source Files</Filter>
    </ClCompile>
    <ClCompile Include="str_.c">
      <Filter>Resource Files</Filter>
    </ClCompile>
    <ClCompile Include="shape.c">
      <Filter>Resource Files</Filter>
    </ClCompile>
    <ClCompile Include="class2210.c">
      <Filter>Source Files</Filter>
    </ClCompile>
    <ClCompile Include="class0511.c">
      <Filter>Source Files</Filter>
    </ClCompile>
    <ClCompile Include="class0511.cpp">
      <Filter>Source Files</Filter>
    </ClCompile>
    <ClCompile Include="L_list.c">
      <Filter>Resource Files</Filter>
    </ClCompile>
    <ClCompile Include="DLL.c">
      <Filter>Resource Files</Filter>
    </ClCompile>
    <ClCompile Include="class1211.cpp">
      <Filter>Source Files</Filter>
    </ClCompile>
    <ClCompile Include="rectangular.cpp">
      <Filter>Resource Files</Filter>
    </ClCompile>
    <ClCompile Include="student.cpp">
      <Filter>Resource Files</Filter>
    </ClCompile>
    <ClCompile Include="exper.cpp">
      <Filter>Source Files</Filter>
    </ClCompile>
    <ClCompile Include="class1911.cpp">
      <Filter>Source Files</Filter>
    </ClCompile>
    <ClCompile Include="string.cpp">
      <Filter>Resource Files</Filter>
    </ClCompile>
    <ClCompile Include="draft.c">
      <Filter>Source Files</Filter>
    </ClCompile>
    <ClCompile Include="matrix.c">
      <Filter>Resource Files</Filter>
    </ClCompile>
    <ClCompile Include="class2611.cpp">
      <Filter>Source Files</Filter>
    </ClCompile>
    <ClCompile Include="shape_.cpp">
      <Filter>Resource Files</Filter>
    </ClCompile>
    <ClCompile Include="circle.cpp">
      <Filter>Resource Files</Filter>
    </ClCompile>
    <ClCompile Include="camera.cpp">
      <Filter>Resource Files</Filter>
    </ClCompile>
    <ClCompile Include="fmdevice.cpp">
      <Filter>Resource Files</Filter>
    </ClCompile>
    <ClCompile Include="phone.cpp">
      <Filter>Resource Files</Filter>
    </ClCompile>
    <ClCompile Include="cellphone.cpp">
      <Filter>Resource Files</Filter>
    </ClCompile>
    <ClCompile Include="class0312.cpp">
      <Filter>Source Files</Filter>
    </ClCompile>
    <ClCompile Include="final_test.cpp">
      <Filter>Source Files</Filter>
    </ClCompile>
    <ClCompile Include="test.c">
      <Filter>Source Files</Filter>
    </ClCompile>
    <ClCompile Include="..\..\..\Tài Liệu Học\HUST_pdf_files\c programing\slide TV\llist.c">
      <Filter>Resource Files</Filter>
    </ClCompile>
  </ItemGroup>
  <ItemGroup>
    <Text Include="ex.txt">
      <Filter>Source Files</Filter>
    </Text>
    <Text Include="matrix.txt">
      <Filter>Source Files</Filter>
    </Text>
    <Text Include="Result.txt">
      <Filter>Source Files</Filter>
    </Text>
  </ItemGroup>
  <ItemGroup>
    <ClInclude Include="DLL.h">
      <Filter>Header Files</Filter>
    </ClInclude>
    <ClInclude Include="L_list.h">
      <Filter>Header Files</Filter>
    </ClInclude>
    <ClInclude Include="shape.h">
      <Filter>Header Files</Filter>
    </ClInclude>
    <ClInclude Include="str_.h">
      <Filter>Header Files</Filter>
    </ClInclude>
    <ClInclude Include="student.h">
      <Filter>Header Files</Filter>
    </ClInclude>
    <ClInclude Include="rectangular.h">
      <Filter>Header Files</Filter>
    </ClInclude>
    <ClInclude Include="Srtring.h">
      <Filter>Header Files</Filter>
    </ClInclude>
    <ClInclude Include="matrix.h">
      <Filter>Header Files</Filter>
    </ClInclude>
    <ClInclude Include="circle.h">
      <Filter>Header Files</Filter>
    </ClInclude>
    <ClInclude Include="shape_.h">
      <Filter>Header Files</Filter>
    </ClInclude>
    <ClInclude Include="camera.h">
      <Filter>Header Files</Filter>
    </ClInclude>
    <ClInclude Include="fmdevice.h">
      <Filter>Header Files</Filter>
    </ClInclude>
    <ClInclude Include="phone.h">
      <Filter>Header Files</Filter>
    </ClInclude>
    <ClInclude Include="cellphone.h">
      <Filter>Header Files</Filter>
    </ClInclude>
    <ClInclude Include="..\..\..\tài liệu học\pdf for class\c programing\slide TV\llist.h">
      <Filter>Header Files</Filter>
    </ClInclude>
  </ItemGroup>
</Project>